// !$*UTF8*$!
{
	archiveVersion = 1;
	classes = {
	};
	objectVersion = 50;
	objects = {

/* Begin PBXBuildFile section */
		04F4EAC424619EF6008A519E /* AppDelegate.swift in Sources */ = {isa = PBXBuildFile; fileRef = 04F4EAC324619EF6008A519E /* AppDelegate.swift */; };
		04F4EAC624619EF6008A519E /* SceneDelegate.swift in Sources */ = {isa = PBXBuildFile; fileRef = 04F4EAC524619EF6008A519E /* SceneDelegate.swift */; };
		04F4EAC824619EF6008A519E /* ViewController.swift in Sources */ = {isa = PBXBuildFile; fileRef = 04F4EAC724619EF6008A519E /* ViewController.swift */; };
		04F4EACB24619EF6008A519E /* Main.storyboard in Resources */ = {isa = PBXBuildFile; fileRef = 04F4EAC924619EF6008A519E /* Main.storyboard */; };
		04F4EACE24619EF6008A519E /* YoutubeApp.xcdatamodeld in Sources */ = {isa = PBXBuildFile; fileRef = 04F4EACC24619EF6008A519E /* YoutubeApp.xcdatamodeld */; };
		04F4EAD024619EF8008A519E /* Assets.xcassets in Resources */ = {isa = PBXBuildFile; fileRef = 04F4EACF24619EF8008A519E /* Assets.xcassets */; };
		04F4EAD324619EF8008A519E /* LaunchScreen.storyboard in Resources */ = {isa = PBXBuildFile; fileRef = 04F4EAD124619EF8008A519E /* LaunchScreen.storyboard */; };
		04F4EADB24619F2F008A519E /* logo.jpg in Resources */ = {isa = PBXBuildFile; fileRef = 04F4EADA24619F2F008A519E /* logo.jpg */; };
		04F4EADD2461F345008A519E /* videos.json in Resources */ = {isa = PBXBuildFile; fileRef = 04F4EADC2461F345008A519E /* videos.json */; };
		04F4EAE02461F613008A519E /* Video.swift in Sources */ = {isa = PBXBuildFile; fileRef = 04F4EADF2461F613008A519E /* Video.swift */; };
		04F4EAE22461F63F008A519E /* VideoTableViewCell.swift in Sources */ = {isa = PBXBuildFile; fileRef = 04F4EAE12461F63F008A519E /* VideoTableViewCell.swift */; };
		04F4EAE424621318008A519E /* channel-logo.png in Resources */ = {isa = PBXBuildFile; fileRef = 04F4EAE324621318008A519E /* channel-logo.png */; };
		04F4EAE6246216FF008A519E /* DetailTableViewCell.swift in Sources */ = {isa = PBXBuildFile; fileRef = 04F4EAE5246216FF008A519E /* DetailTableViewCell.swift */; };
		04F4EAE824621ACF008A519E /* DetailViewController.swift in Sources */ = {isa = PBXBuildFile; fileRef = 04F4EAE724621ACF008A519E /* DetailViewController.swift */; };
/* End PBXBuildFile section */

/* Begin PBXFileReference section */
		04F4EAC024619EF6008A519E /* YoutubeApp.app */ = {isa = PBXFileReference; explicitFileType = wrapper.application; includeInIndex = 0; path = YoutubeApp.app; sourceTree = BUILT_PRODUCTS_DIR; };
		04F4EAC324619EF6008A519E /* AppDelegate.swift */ = {isa = PBXFileReference; lastKnownFileType = sourcecode.swift; path = AppDelegate.swift; sourceTree = "<group>"; };
		04F4EAC524619EF6008A519E /* SceneDelegate.swift */ = {isa = PBXFileReference; lastKnownFileType = sourcecode.swift; path = SceneDelegate.swift; sourceTree = "<group>"; };
		04F4EAC724619EF6008A519E /* ViewController.swift */ = {isa = PBXFileReference; lastKnownFileType = sourcecode.swift; path = ViewController.swift; sourceTree = "<group>"; };
		04F4EACA24619EF6008A519E /* Base */ = {isa = PBXFileReference; lastKnownFileType = file.storyboard; name = Base; path = Base.lproj/Main.storyboard; sourceTree = "<group>"; };
		04F4EACD24619EF6008A519E /* YoutubeApp.xcdatamodel */ = {isa = PBXFileReference; lastKnownFileType = wrapper.xcdatamodel; path = YoutubeApp.xcdatamodel; sourceTree = "<group>"; };
		04F4EACF24619EF8008A519E /* Assets.xcassets */ = {isa = PBXFileReference; lastKnownFileType = folder.assetcatalog; path = Assets.xcassets; sourceTree = "<group>"; };
		04F4EAD224619EF8008A519E /* Base */ = {isa = PBXFileReference; lastKnownFileType = file.storyboard; name = Base; path = Base.lproj/LaunchScreen.storyboard; sourceTree = "<group>"; };
		04F4EAD424619EF8008A519E /* Info.plist */ = {isa = PBXFileReference; lastKnownFileType = text.plist.xml; path = Info.plist; sourceTree = "<group>"; };
		04F4EADA24619F2F008A519E /* logo.jpg */ = {isa = PBXFileReference; lastKnownFileType = image.jpeg; path = logo.jpg; sourceTree = "<group>"; };
		04F4EADC2461F345008A519E /* videos.json */ = {isa = PBXFileReference; fileEncoding = 4; lastKnownFileType = text.json; path = videos.json; sourceTree = "<group>"; };
		04F4EADF2461F613008A519E /* Video.swift */ = {isa = PBXFileReference; lastKnownFileType = sourcecode.swift; path = Video.swift; sourceTree = "<group>"; };
		04F4EAE12461F63F008A519E /* VideoTableViewCell.swift */ = {isa = PBXFileReference; lastKnownFileType = sourcecode.swift; name = VideoTableViewCell.swift; path = YoutubeApp/VideoTableViewCell.swift; sourceTree = SOURCE_ROOT; };
		04F4EAE324621318008A519E /* channel-logo.png */ = {isa = PBXFileReference; lastKnownFileType = image.png; path = "channel-logo.png"; sourceTree = "<group>"; };
		04F4EAE5246216FF008A519E /* DetailTableViewCell.swift */ = {isa = PBXFileReference; lastKnownFileType = sourcecode.swift; path = DetailTableViewCell.swift; sourceTree = "<group>"; };
		04F4EAE724621ACF008A519E /* DetailViewController.swift */ = {isa = PBXFileReference; lastKnownFileType = sourcecode.swift; path = DetailViewController.swift; sourceTree = "<group>"; };
/* End PBXFileReference section */

/* Begin PBXFrameworksBuildPhase section */
		04F4EABD24619EF6008A519E /* Frameworks */ = {
			isa = PBXFrameworksBuildPhase;
			buildActionMask = 2147483647;
			files = (
			);
			runOnlyForDeploymentPostprocessing = 0;
		};
/* End PBXFrameworksBuildPhase section */

/* Begin PBXGroup section */
		04F4EAB724619EF6008A519E = {
			isa = PBXGroup;
			children = (
				04F4EAC224619EF6008A519E /* YoutubeApp */,
				04F4EAC124619EF6008A519E /* Products */,
			);
			sourceTree = "<group>";
		};
		04F4EAC124619EF6008A519E /* Products */ = {
			isa = PBXGroup;
			children = (
				04F4EAC024619EF6008A519E /* YoutubeApp.app */,
			);
			name = Products;
			sourceTree = "<group>";
		};
		04F4EAC224619EF6008A519E /* YoutubeApp */ = {
			isa = PBXGroup;
			children = (
				04F4EADE2461F5FE008A519E /* Model */,
				04F4EAC324619EF6008A519E /* AppDelegate.swift */,
				04F4EAC524619EF6008A519E /* SceneDelegate.swift */,
				04F4EAC724619EF6008A519E /* ViewController.swift */,
				04F4EAE724621ACF008A519E /* DetailViewController.swift */,
				04F4EAC924619EF6008A519E /* Main.storyboard */,
				04F4EACF24619EF8008A519E /* Assets.xcassets */,
				04F4EAD124619EF8008A519E /* LaunchScreen.storyboard */,
				04F4EAD424619EF8008A519E /* Info.plist */,
				04F4EACC24619EF6008A519E /* YoutubeApp.xcdatamodeld */,
				04F4EADA24619F2F008A519E /* logo.jpg */,
				04F4EAE324621318008A519E /* channel-logo.png */,
				04F4EADC2461F345008A519E /* videos.json */,
				04F4EAE12461F63F008A519E /* VideoTableViewCell.swift */,
				04F4EAE5246216FF008A519E /* DetailTableViewCell.swift */,
			);
			path = YoutubeApp;
			sourceTree = "<group>";
		};
		04F4EADE2461F5FE008A519E /* Model */ = {
			isa = PBXGroup;
			children = (
				04F4EADF2461F613008A519E /* Video.swift */,
			);
			path = Model;
			sourceTree = "<group>";
		};
/* End PBXGroup section */

/* Begin PBXNativeTarget section */
		04F4EABF24619EF6008A519E /* YoutubeApp */ = {
			isa = PBXNativeTarget;
			buildConfigurationList = 04F4EAD724619EF8008A519E /* Build configuration list for PBXNativeTarget "YoutubeApp" */;
			buildPhases = (
				04F4EABC24619EF6008A519E /* Sources */,
				04F4EABD24619EF6008A519E /* Frameworks */,
				04F4EABE24619EF6008A519E /* Resources */,
			);
			buildRules = (
			);
			dependencies = (
			);
			name = YoutubeApp;
			productName = YoutubeApp;
			productReference = 04F4EAC024619EF6008A519E /* YoutubeApp.app */;
			productType = "com.apple.product-type.application";
		};
/* End PBXNativeTarget section */

/* Begin PBXProject section */
		04F4EAB824619EF6008A519E /* Project object */ = {
			isa = PBXProject;
			attributes = {
				LastSwiftUpdateCheck = 1120;
				LastUpgradeCheck = 1120;
				ORGANIZATIONNAME = cagdaseksi;
				TargetAttributes = {
					04F4EABF24619EF6008A519E = {
						CreatedOnToolsVersion = 11.2.1;
					};
				};
			};
			buildConfigurationList = 04F4EABB24619EF6008A519E /* Build configuration list for PBXProject "YoutubeApp" */;
			compatibilityVersion = "Xcode 9.3";
			developmentRegion = en;
			hasScannedForEncodings = 0;
			knownRegions = (
				en,
				Base,
			);
			mainGroup = 04F4EAB724619EF6008A519E;
			productRefGroup = 04F4EAC124619EF6008A519E /* Products */;
			projectDirPath = "";
			projectRoot = "";
			targets = (
				04F4EABF24619EF6008A519E /* YoutubeApp */,
			);
		};
/* End PBXProject section */

/* Begin PBXResourcesBuildPhase section */
		04F4EABE24619EF6008A519E /* Resources */ = {
			isa = PBXResourcesBuildPhase;
			buildActionMask = 2147483647;
			files = (
				04F4EADB24619F2F008A519E /* logo.jpg in Resources */,
				04F4EAD324619EF8008A519E /* LaunchScreen.storyboard in Resources */,
				04F4EADD2461F345008A519E /* videos.json in Resources */,
				04F4EAD024619EF8008A519E /* Assets.xcassets in Resources */,
				04F4EAE424621318008A519E /* channel-logo.png in Resources */,
				04F4EACB24619EF6008A519E /* Main.storyboard in Resources */,
			);
			runOnlyForDeploymentPostprocessing = 0;
		};
/* End PBXResourcesBuildPhase section */

/* Begin PBXSourcesBuildPhase section */
		04F4EABC24619EF6008A519E /* Sources */ = {
			isa = PBXSourcesBuildPhase;
			buildActionMask = 2147483647;
			files = (
				04F4EAC824619EF6008A519E /* ViewController.swift in Sources */,
				04F4EACE24619EF6008A519E /* YoutubeApp.xcdatamodeld in Sources */,
				04F4EAE6246216FF008A519E /* DetailTableViewCell.swift in Sources */,
				04F4EAC424619EF6008A519E /* AppDelegate.swift in Sources */,
				04F4EAC624619EF6008A519E /* SceneDelegate.swift in Sources */,
				04F4EAE02461F613008A519E /* Video.swift in Sources */,
				04F4EAE22461F63F008A519E /* VideoTableViewCell.swift in Sources */,
				04F4EAE824621ACF008A519E /* DetailViewController.swift in Sources */,
			);
			runOnlyForDeploymentPostprocessing = 0;
		};
/* End PBXSourcesBuildPhase section */

/* Begin PBXVariantGroup section */
		04F4EAC924619EF6008A519E /* Main.storyboard */ = {
			isa = PBXVariantGroup;
			children = (
				04F4EACA24619EF6008A519E /* Base */,
			);
			name = Main.storyboard;
			sourceTree = "<group>";
		};
		04F4EAD124619EF8008A519E /* LaunchScreen.storyboard */ = {
			isa = PBXVariantGroup;
			children = (
				04F4EAD224619EF8008A519E /* Base */,
			);
			name = LaunchScreen.storyboard;
			sourceTree = "<group>";
		};
/* End PBXVariantGroup section */

/* Begin XCBuildConfiguration section */
		04F4EAD524619EF8008A519E /* Debug */ = {
			isa = XCBuildConfiguration;
			buildSettings = {
				ALWAYS_SEARCH_USER_PATHS = NO;
				CLANG_ANALYZER_NONNULL = YES;
				CLANG_ANALYZER_NUMBER_OBJECT_CONVERSION = YES_AGGRESSIVE;
				CLANG_CXX_LANGUAGE_STANDARD = "gnu++14";
				CLANG_CXX_LIBRARY = "libc++";
				CLANG_ENABLE_MODULES = YES;
				CLANG_ENABLE_OBJC_ARC = YES;
				CLANG_ENABLE_OBJC_WEAK = YES;
				CLANG_WARN_BLOCK_CAPTURE_AUTORELEASING = YES;
				CLANG_WARN_BOOL_CONVERSION = YES;
				CLANG_WARN_COMMA = YES;
				CLANG_WARN_CONSTANT_CONVERSION = YES;
				CLANG_WARN_DEPRECATED_OBJC_IMPLEMENTATIONS = YES;
				CLANG_WARN_DIRECT_OBJC_ISA_USAGE = YES_ERROR;
				CLANG_WARN_DOCUMENTATION_COMMENTS = YES;
				CLANG_WARN_EMPTY_BODY = YES;
				CLANG_WARN_ENUM_CONVERSION = YES;
				CLANG_WARN_INFINITE_RECURSION = YES;
				CLANG_WARN_INT_CONVERSION = YES;
				CLANG_WARN_NON_LITERAL_NULL_CONVERSION = YES;
				CLANG_WARN_OBJC_IMPLICIT_RETAIN_SELF = YES;
				CLANG_WARN_OBJC_LITERAL_CONVERSION = YES;
				CLANG_WARN_OBJC_ROOT_CLASS = YES_ERROR;
				CLANG_WARN_RANGE_LOOP_ANALYSIS = YES;
				CLANG_WARN_STRICT_PROTOTYPES = YES;
				CLANG_WARN_SUSPICIOUS_MOVE = YES;
				CLANG_WARN_UNGUARDED_AVAILABILITY = YES_AGGRESSIVE;
				CLANG_WARN_UNREACHABLE_CODE = YES;
				CLANG_WARN__DUPLICATE_METHOD_MATCH = YES;
				COPY_PHASE_STRIP = NO;
				DEBUG_INFORMATION_FORMAT = dwarf;
				ENABLE_STRICT_OBJC_MSGSEND = YES;
				ENABLE_TESTABILITY = YES;
				GCC_C_LANGUAGE_STANDARD = gnu11;
				GCC_DYNAMIC_NO_PIC = NO;
				GCC_NO_COMMON_BLOCKS = YES;
				GCC_OPTIMIZATION_LEVEL = 0;
				GCC_PREPROCESSOR_DEFINITIONS = (
					"DEBUG=1",
					"$(inherited)",
				);
				GCC_WARN_64_TO_32_BIT_CONVERSION = YES;
				GCC_WARN_ABOUT_RETURN_TYPE = YES_ERROR;
				GCC_WARN_UNDECLARED_SELECTOR = YES;
				GCC_WARN_UNINITIALIZED_AUTOS = YES_AGGRESSIVE;
				GCC_WARN_UNUSED_FUNCTION = YES;
				GCC_WARN_UNUSED_VARIABLE = YES;
				IPHONEOS_DEPLOYMENT_TARGET = 13.2;
				MTL_ENABLE_DEBUG_INFO = INCLUDE_SOURCE;
				MTL_FAST_MATH = YES;
				ONLY_ACTIVE_ARCH = YES;
				SDKROOT = iphoneos;
				SWIFT_ACTIVE_COMPILATION_CONDITIONS = DEBUG;
				SWIFT_OPTIMIZATION_LEVEL = "-Onone";
			};
			name = Debug;
		};
		04F4EAD624619EF8008A519E /* Release */ = {
			isa = XCBuildConfiguration;
			buildSettings = {
				ALWAYS_SEARCH_USER_PATHS = NO;
				CLANG_ANALYZER_NONNULL = YES;
				CLANG_ANALYZER_NUMBER_OBJECT_CONVERSION = YES_AGGRESSIVE;
				CLANG_CXX_LANGUAGE_STANDARD = "gnu++14";
				CLANG_CXX_LIBRARY = "libc++";
				CLANG_ENABLE_MODULES = YES;
				CLANG_ENABLE_OBJC_ARC = YES;
				CLANG_ENABLE_OBJC_WEAK = YES;
				CLANG_WARN_BLOCK_CAPTURE_AUTORELEASING = YES;
				CLANG_WARN_BOOL_CONVERSION = YES;
				CLANG_WARN_COMMA = YES;
				CLANG_WARN_CONSTANT_CONVERSION = YES;
				CLANG_WARN_DEPRECATED_OBJC_IMPLEMENTATIONS = YES;
				CLANG_WARN_DIRECT_OBJC_ISA_USAGE = YES_ERROR;
				CLANG_WARN_DOCUMENTATION_COMMENTS = YES;
				CLANG_WARN_EMPTY_BODY = YES;
				CLANG_WARN_ENUM_CONVERSION = YES;
				CLANG_WARN_INFINITE_RECURSION = YES;
				CLANG_WARN_INT_CONVERSION = YES;
				CLANG_WARN_NON_LITERAL_NULL_CONVERSION = YES;
				CLANG_WARN_OBJC_IMPLICIT_RETAIN_SELF = YES;
				CLANG_WARN_OBJC_LITERAL_CONVERSION = YES;
				CLANG_WARN_OBJC_ROOT_CLASS = YES_ERROR;
				CLANG_WARN_RANGE_LOOP_ANALYSIS = YES;
				CLANG_WARN_STRICT_PROTOTYPES = YES;
				CLANG_WARN_SUSPICIOUS_MOVE = YES;
				CLANG_WARN_UNGUARDED_AVAILABILITY = YES_AGGRESSIVE;
				CLANG_WARN_UNREACHABLE_CODE = YES;
				CLANG_WARN__DUPLICATE_METHOD_MATCH = YES;
				COPY_PHASE_STRIP = NO;
				DEBUG_INFORMATION_FORMAT = "dwarf-with-dsym";
				ENABLE_NS_ASSERTIONS = NO;
				ENABLE_STRICT_OBJC_MSGSEND = YES;
				GCC_C_LANGUAGE_STANDARD = gnu11;
				GCC_NO_COMMON_BLOCKS = YES;
				GCC_WARN_64_TO_32_BIT_CONVERSION = YES;
				GCC_WARN_ABOUT_RETURN_TYPE = YES_ERROR;
				GCC_WARN_UNDECLARED_SELECTOR = YES;
				GCC_WARN_UNINITIALIZED_AUTOS = YES_AGGRESSIVE;
				GCC_WARN_UNUSED_FUNCTION = YES;
				GCC_WARN_UNUSED_VARIABLE = YES;
				IPHONEOS_DEPLOYMENT_TARGET = 13.2;
				MTL_ENABLE_DEBUG_INFO = NO;
				MTL_FAST_MATH = YES;
				SDKROOT = iphoneos;
				SWIFT_COMPILATION_MODE = wholemodule;
				SWIFT_OPTIMIZATION_LEVEL = "-O";
				VALIDATE_PRODUCT = YES;
			};
			name = Release;
		};
		04F4EAD824619EF8008A519E /* Debug */ = {
			isa = XCBuildConfiguration;
			buildSettings = {
				ASSETCATALOG_COMPILER_APPICON_NAME = AppIcon;
				CODE_SIGN_STYLE = Automatic;
				DEVELOPMENT_TEAM = A6KE5XTLM6;
				INFOPLIST_FILE = YoutubeApp/Info.plist;
				LD_RUNPATH_SEARCH_PATHS = (
					"$(inherited)",
					"@executable_path/Frameworks",
				);
				PRODUCT_BUNDLE_IDENTIFIER = com.ceksi.YoutubeApp;
				PRODUCT_NAME = "$(TARGET_NAME)";
				SWIFT_VERSION = 5.0;
				TARGETED_DEVICE_FAMILY = "1,2";
			};
			name = Debug;
		};
		04F4EAD924619EF8008A519E /* Release */ = {
			isa = XCBuildConfiguration;
			buildSettings = {
				ASSETCATALOG_COMPILER_APPICON_NAME = AppIcon;
				CODE_SIGN_STYLE = Automatic;
				DEVELOPMENT_TEAM = A6KE5XTLM6;
				INFOPLIST_FILE = YoutubeApp/Info.plist;
				LD_RUNPATH_SEARCH_PATHS = (
					"$(inherited)",
					"@executable_path/Frameworks",
				);
				PRODUCT_BUNDLE_IDENTIFIER = com.ceksi.YoutubeApp;
				PRODUCT_NAME = "$(TARGET_NAME)";
				SWIFT_VERSION = 5.0;
				TARGETED_DEVICE_FAMILY = "1,2";
			};
			name = Release;
		};
/* End XCBuildConfiguration section */

/* Begin XCConfigurationList section */
		04F4EABB24619EF6008A519E /* Build configuration list for PBXProject "YoutubeApp" */ = {
			isa = XCConfigurationList;
			buildConfigurations = (
				04F4EAD524619EF8008A519E /* Debug */,
				04F4EAD624619EF8008A519E /* Release */,
			);
			defaultConfigurationIsVisible = 0;
			defaultConfigurationName = Release;
		};
		04F4EAD724619EF8008A519E /* Build configuration list for PBXNativeTarget "YoutubeApp" */ = {
			isa = XCConfigurationList;
			buildConfigurations = (
				04F4EAD824619EF8008A519E /* Debug */,
				04F4EAD924619EF8008A519E /* Release */,
			);
			defaultConfigurationIsVisible = 0;
			defaultConfigurationName = Release;
		};
/* End XCConfigurationList section */

/* Begin XCVersionGroup section */
		04F4EACC24619EF6008A519E /* YoutubeApp.xcdatamodeld */ = {
			isa = XCVersionGroup;
			children = (
				04F4EACD24619EF6008A519E /* YoutubeApp.xcdatamodel */,
			);
			currentVersion = 04F4EACD24619EF6008A519E /* YoutubeApp.xcdatamodel */;
			path = YoutubeApp.xcdatamodeld;
			sourceTree = "<group>";
			versionGroupType = wrapper.xcdatamodel;
		};
/* End XCVersionGroup section */
	};
	rootObject = 04F4EAB824619EF6008A519E /* Project object */;
}
