// !$*UTF8*$!
{
	archiveVersion = 1;
	classes = {
	};
	objectVersion = 50;
	objects = {

/* Begin PBXBuildFile section */
		043DDB2D2414543300169EBD /* AppDelegate.swift in Sources */ = {isa = PBXBuildFile; fileRef = 043DDB2C2414543300169EBD /* AppDelegate.swift */; };
		043DDB2F2414543300169EBD /* SceneDelegate.swift in Sources */ = {isa = PBXBuildFile; fileRef = 043DDB2E2414543300169EBD /* SceneDelegate.swift */; };
		043DDB312414543300169EBD /* ViewController.swift in Sources */ = {isa = PBXBuildFile; fileRef = 043DDB302414543300169EBD /* ViewController.swift */; };
		043DDB342414543300169EBD /* Main.storyboard in Resources */ = {isa = PBXBuildFile; fileRef = 043DDB322414543300169EBD /* Main.storyboard */; };
		043DDB362414543700169EBD /* Assets.xcassets in Resources */ = {isa = PBXBuildFile; fileRef = 043DDB352414543700169EBD /* Assets.xcassets */; };
		043DDB392414543700169EBD /* LaunchScreen.storyboard in Resources */ = {isa = PBXBuildFile; fileRef = 043DDB372414543700169EBD /* LaunchScreen.storyboard */; };
		043DDB462414582900169EBD /* autumn.jpg in Resources */ = {isa = PBXBuildFile; fileRef = 043DDB422414582800169EBD /* autumn.jpg */; };
		043DDB472414582900169EBD /* spring.jpg in Resources */ = {isa = PBXBuildFile; fileRef = 043DDB432414582800169EBD /* spring.jpg */; };
		043DDB482414582900169EBD /* summer.jpg in Resources */ = {isa = PBXBuildFile; fileRef = 043DDB442414582800169EBD /* summer.jpg */; };
		043DDB492414582900169EBD /* winter.jpg in Resources */ = {isa = PBXBuildFile; fileRef = 043DDB452414582900169EBD /* winter.jpg */; };
/* End PBXBuildFile section */

/* Begin PBXFileReference section */
		043DDB292414543300169EBD /* NOCODE.app */ = {isa = PBXFileReference; explicitFileType = wrapper.application; includeInIndex = 0; path = NOCODE.app; sourceTree = BUILT_PRODUCTS_DIR; };
		043DDB2C2414543300169EBD /* AppDelegate.swift */ = {isa = PBXFileReference; lastKnownFileType = sourcecode.swift; path = AppDelegate.swift; sourceTree = "<group>"; };
		043DDB2E2414543300169EBD /* SceneDelegate.swift */ = {isa = PBXFileReference; lastKnownFileType = sourcecode.swift; path = SceneDelegate.swift; sourceTree = "<group>"; };
		043DDB302414543300169EBD /* ViewController.swift */ = {isa = PBXFileReference; lastKnownFileType = sourcecode.swift; path = ViewController.swift; sourceTree = "<group>"; };
		043DDB332414543300169EBD /* Base */ = {isa = PBXFileReference; lastKnownFileType = file.storyboard; name = Base; path = Base.lproj/Main.storyboard; sourceTree = "<group>"; };
		043DDB352414543700169EBD /* Assets.xcassets */ = {isa = PBXFileReference; lastKnownFileType = folder.assetcatalog; path = Assets.xcassets; sourceTree = "<group>"; };
		043DDB382414543700169EBD /* Base */ = {isa = PBXFileReference; lastKnownFileType = file.storyboard; name = Base; path = Base.lproj/LaunchScreen.storyboard; sourceTree = "<group>"; };
		043DDB3A2414543700169EBD /* Info.plist */ = {isa = PBXFileReference; lastKnownFileType = text.plist.xml; path = Info.plist; sourceTree = "<group>"; };
		043DDB422414582800169EBD /* autumn.jpg */ = {isa = PBXFileReference; lastKnownFileType = image.jpeg; path = autumn.jpg; sourceTree = "<group>"; };
		043DDB432414582800169EBD /* spring.jpg */ = {isa = PBXFileReference; lastKnownFileType = image.jpeg; path = spring.jpg; sourceTree = "<group>"; };
		043DDB442414582800169EBD /* summer.jpg */ = {isa = PBXFileReference; lastKnownFileType = image.jpeg; path = summer.jpg; sourceTree = "<group>"; };
		043DDB452414582900169EBD /* winter.jpg */ = {isa = PBXFileReference; lastKnownFileType = image.jpeg; path = winter.jpg; sourceTree = "<group>"; };
/* End PBXFileReference section */

/* Begin PBXFrameworksBuildPhase section */
		043DDB262414543300169EBD /* Frameworks */ = {
			isa = PBXFrameworksBuildPhase;
			buildActionMask = 2147483647;
			files = (
			);
			runOnlyForDeploymentPostprocessing = 0;
		};
/* End PBXFrameworksBuildPhase section */

/* Begin PBXGroup section */
		043DDB202414543300169EBD = {
			isa = PBXGroup;
			children = (
				043DDB2B2414543300169EBD /* NOCODE */,
				043DDB2A2414543300169EBD /* Products */,
			);
			sourceTree = "<group>";
		};
		043DDB2A2414543300169EBD /* Products */ = {
			isa = PBXGroup;
			children = (
				043DDB292414543300169EBD /* NOCODE.app */,
			);
			name = Products;
			sourceTree = "<group>";
		};
		043DDB2B2414543300169EBD /* NOCODE */ = {
			isa = PBXGroup;
			children = (
				043DDB2C2414543300169EBD /* AppDelegate.swift */,
				043DDB2E2414543300169EBD /* SceneDelegate.swift */,
				043DDB302414543300169EBD /* ViewController.swift */,
				043DDB322414543300169EBD /* Main.storyboard */,
				043DDB352414543700169EBD /* Assets.xcassets */,
				043DDB372414543700169EBD /* LaunchScreen.storyboard */,
				043DDB3A2414543700169EBD /* Info.plist */,
				043DDB422414582800169EBD /* autumn.jpg */,
				043DDB432414582800169EBD /* spring.jpg */,
				043DDB442414582800169EBD /* summer.jpg */,
				043DDB452414582900169EBD /* winter.jpg */,
			);
			path = NOCODE;
			sourceTree = "<group>";
		};
/* End PBXGroup section */

/* Begin PBXNativeTarget section */
		043DDB282414543300169EBD /* NOCODE */ = {
			isa = PBXNativeTarget;
			buildConfigurationList = 043DDB3D2414543700169EBD /* Build configuration list for PBXNativeTarget "NOCODE" */;
			buildPhases = (
				043DDB252414543300169EBD /* Sources */,
				043DDB262414543300169EBD /* Frameworks */,
				043DDB272414543300169EBD /* Resources */,
			);
			buildRules = (
			);
			dependencies = (
			);
			name = NOCODE;
			productName = NOCODE;
			productReference = 043DDB292414543300169EBD /* NOCODE.app */;
			productType = "com.apple.product-type.application";
		};
/* End PBXNativeTarget section */

/* Begin PBXProject section */
		043DDB212414543300169EBD /* Project object */ = {
			isa = PBXProject;
			attributes = {
				LastSwiftUpdateCheck = 1120;
				LastUpgradeCheck = 1120;
				ORGANIZATIONNAME = cagdaseksi;
				TargetAttributes = {
					043DDB282414543300169EBD = {
						CreatedOnToolsVersion = 11.2.1;
					};
				};
			};
			buildConfigurationList = 043DDB242414543300169EBD /* Build configuration list for PBXProject "NOCODE" */;
			compatibilityVersion = "Xcode 9.3";
			developmentRegion = en;
			hasScannedForEncodings = 0;
			knownRegions = (
				en,
				Base,
			);
			mainGroup = 043DDB202414543300169EBD;
			productRefGroup = 043DDB2A2414543300169EBD /* Products */;
			projectDirPath = "";
			projectRoot = "";
			targets = (
				043DDB282414543300169EBD /* NOCODE */,
			);
		};
/* End PBXProject section */

/* Begin PBXResourcesBuildPhase section */
		043DDB272414543300169EBD /* Resources */ = {
			isa = PBXResourcesBuildPhase;
			buildActionMask = 2147483647;
			files = (
				043DDB392414543700169EBD /* LaunchScreen.storyboard in Resources */,
				043DDB462414582900169EBD /* autumn.jpg in Resources */,
				043DDB492414582900169EBD /* winter.jpg in Resources */,
				043DDB472414582900169EBD /* spring.jpg in Resources */,
				043DDB482414582900169EBD /* summer.jpg in Resources */,
				043DDB362414543700169EBD /* Assets.xcassets in Resources */,
				043DDB342414543300169EBD /* Main.storyboard in Resources */,
			);
			runOnlyForDeploymentPostprocessing = 0;
		};
/* End PBXResourcesBuildPhase section */

/* Begin PBXSourcesBuildPhase section */
		043DDB252414543300169EBD /* Sources */ = {
			isa = PBXSourcesBuildPhase;
			buildActionMask = 2147483647;
			files = (
				043DDB312414543300169EBD /* ViewController.swift in Sources */,
				043DDB2D2414543300169EBD /* AppDelegate.swift in Sources */,
				043DDB2F2414543300169EBD /* SceneDelegate.swift in Sources */,
			);
			runOnlyForDeploymentPostprocessing = 0;
		};
/* End PBXSourcesBuildPhase section */

/* Begin PBXVariantGroup section */
		043DDB322414543300169EBD /* Main.storyboard */ = {
			isa = PBXVariantGroup;
			children = (
				043DDB332414543300169EBD /* Base */,
			);
			name = Main.storyboard;
			sourceTree = "<group>";
		};
		043DDB372414543700169EBD /* LaunchScreen.storyboard */ = {
			isa = PBXVariantGroup;
			children = (
				043DDB382414543700169EBD /* Base */,
			);
			name = LaunchScreen.storyboard;
			sourceTree = "<group>";
		};
/* End PBXVariantGroup section */

/* Begin XCBuildConfiguration section */
		043DDB3B2414543700169EBD /* Debug */ = {
			isa = XCBuildConfiguration;
			buildSettings = {
				ALWAYS_SEARCH_USER_PATHS = NO;
				CLANG_ANALYZER_NONNULL = YES;
				CLANG_ANALYZER_NUMBER_OBJECT_CONVERSION = YES_AGGRESSIVE;
				CLANG_CXX_LANGUAGE_STANDARD = "gnu++14";
				CLANG_CXX_LIBRARY = "libc++";
				CLANG_ENABLE_MODULES = YES;
				CLANG_ENABLE_OBJC_ARC = YES;
				CLANG_ENABLE_OBJC_WEAK = YES;
				CLANG_WARN_BLOCK_CAPTURE_AUTORELEASING = YES;
				CLANG_WARN_BOOL_CONVERSION = YES;
				CLANG_WARN_COMMA = YES;
				CLANG_WARN_CONSTANT_CONVERSION = YES;
				CLANG_WARN_DEPRECATED_OBJC_IMPLEMENTATIONS = YES;
				CLANG_WARN_DIRECT_OBJC_ISA_USAGE = YES_ERROR;
				CLANG_WARN_DOCUMENTATION_COMMENTS = YES;
				CLANG_WARN_EMPTY_BODY = YES;
				CLANG_WARN_ENUM_CONVERSION = YES;
				CLANG_WARN_INFINITE_RECURSION = YES;
				CLANG_WARN_INT_CONVERSION = YES;
				CLANG_WARN_NON_LITERAL_NULL_CONVERSION = YES;
				CLANG_WARN_OBJC_IMPLICIT_RETAIN_SELF = YES;
				CLANG_WARN_OBJC_LITERAL_CONVERSION = YES;
				CLANG_WARN_OBJC_ROOT_CLASS = YES_ERROR;
				CLANG_WARN_RANGE_LOOP_ANALYSIS = YES;
				CLANG_WARN_STRICT_PROTOTYPES = YES;
				CLANG_WARN_SUSPICIOUS_MOVE = YES;
				CLANG_WARN_UNGUARDED_AVAILABILITY = YES_AGGRESSIVE;
				CLANG_WARN_UNREACHABLE_CODE = YES;
				CLANG_WARN__DUPLICATE_METHOD_MATCH = YES;
				COPY_PHASE_STRIP = NO;
				DEBUG_INFORMATION_FORMAT = dwarf;
				ENABLE_STRICT_OBJC_MSGSEND = YES;
				ENABLE_TESTABILITY = YES;
				GCC_C_LANGUAGE_STANDARD = gnu11;
				GCC_DYNAMIC_NO_PIC = NO;
				GCC_NO_COMMON_BLOCKS = YES;
				GCC_OPTIMIZATION_LEVEL = 0;
				GCC_PREPROCESSOR_DEFINITIONS = (
					"DEBUG=1",
					"$(inherited)",
				);
				GCC_WARN_64_TO_32_BIT_CONVERSION = YES;
				GCC_WARN_ABOUT_RETURN_TYPE = YES_ERROR;
				GCC_WARN_UNDECLARED_SELECTOR = YES;
				GCC_WARN_UNINITIALIZED_AUTOS = YES_AGGRESSIVE;
				GCC_WARN_UNUSED_FUNCTION = YES;
				GCC_WARN_UNUSED_VARIABLE = YES;
				IPHONEOS_DEPLOYMENT_TARGET = 13.2;
				MTL_ENABLE_DEBUG_INFO = INCLUDE_SOURCE;
				MTL_FAST_MATH = YES;
				ONLY_ACTIVE_ARCH = YES;
				SDKROOT = iphoneos;
				SWIFT_ACTIVE_COMPILATION_CONDITIONS = DEBUG;
				SWIFT_OPTIMIZATION_LEVEL = "-Onone";
			};
			name = Debug;
		};
		043DDB3C2414543700169EBD /* Release */ = {
			isa = XCBuildConfiguration;
			buildSettings = {
				ALWAYS_SEARCH_USER_PATHS = NO;
				CLANG_ANALYZER_NONNULL = YES;
				CLANG_ANALYZER_NUMBER_OBJECT_CONVERSION = YES_AGGRESSIVE;
				CLANG_CXX_LANGUAGE_STANDARD = "gnu++14";
				CLANG_CXX_LIBRARY = "libc++";
				CLANG_ENABLE_MODULES = YES;
				CLANG_ENABLE_OBJC_ARC = YES;
				CLANG_ENABLE_OBJC_WEAK = YES;
				CLANG_WARN_BLOCK_CAPTURE_AUTORELEASING = YES;
				CLANG_WARN_BOOL_CONVERSION = YES;
				CLANG_WARN_COMMA = YES;
				CLANG_WARN_CONSTANT_CONVERSION = YES;
				CLANG_WARN_DEPRECATED_OBJC_IMPLEMENTATIONS = YES;
				CLANG_WARN_DIRECT_OBJC_ISA_USAGE = YES_ERROR;
				CLANG_WARN_DOCUMENTATION_COMMENTS = YES;
				CLANG_WARN_EMPTY_BODY = YES;
				CLANG_WARN_ENUM_CONVERSION = YES;
				CLANG_WARN_INFINITE_RECURSION = YES;
				CLANG_WARN_INT_CONVERSION = YES;
				CLANG_WARN_NON_LITERAL_NULL_CONVERSION = YES;
				CLANG_WARN_OBJC_IMPLICIT_RETAIN_SELF = YES;
				CLANG_WARN_OBJC_LITERAL_CONVERSION = YES;
				CLANG_WARN_OBJC_ROOT_CLASS = YES_ERROR;
				CLANG_WARN_RANGE_LOOP_ANALYSIS = YES;
				CLANG_WARN_STRICT_PROTOTYPES = YES;
				CLANG_WARN_SUSPICIOUS_MOVE = YES;
				CLANG_WARN_UNGUARDED_AVAILABILITY = YES_AGGRESSIVE;
				CLANG_WARN_UNREACHABLE_CODE = YES;
				CLANG_WARN__DUPLICATE_METHOD_MATCH = YES;
				COPY_PHASE_STRIP = NO;
				DEBUG_INFORMATION_FORMAT = "dwarf-with-dsym";
				ENABLE_NS_ASSERTIONS = NO;
				ENABLE_STRICT_OBJC_MSGSEND = YES;
				GCC_C_LANGUAGE_STANDARD = gnu11;
				GCC_NO_COMMON_BLOCKS = YES;
				GCC_WARN_64_TO_32_BIT_CONVERSION = YES;
				GCC_WARN_ABOUT_RETURN_TYPE = YES_ERROR;
				GCC_WARN_UNDECLARED_SELECTOR = YES;
				GCC_WARN_UNINITIALIZED_AUTOS = YES_AGGRESSIVE;
				GCC_WARN_UNUSED_FUNCTION = YES;
				GCC_WARN_UNUSED_VARIABLE = YES;
				IPHONEOS_DEPLOYMENT_TARGET = 13.2;
				MTL_ENABLE_DEBUG_INFO = NO;
				MTL_FAST_MATH = YES;
				SDKROOT = iphoneos;
				SWIFT_COMPILATION_MODE = wholemodule;
				SWIFT_OPTIMIZATION_LEVEL = "-O";
				VALIDATE_PRODUCT = YES;
			};
			name = Release;
		};
		043DDB3E2414543700169EBD /* Debug */ = {
			isa = XCBuildConfiguration;
			buildSettings = {
				ASSETCATALOG_COMPILER_APPICON_NAME = AppIcon;
				CODE_SIGN_STYLE = Automatic;
				DEVELOPMENT_TEAM = A6KE5XTLM6;
				INFOPLIST_FILE = NOCODE/Info.plist;
				LD_RUNPATH_SEARCH_PATHS = (
					"$(inherited)",
					"@executable_path/Frameworks",
				);
				PRODUCT_BUNDLE_IDENTIFIER = com.sp.NOCODE;
				PRODUCT_NAME = "$(TARGET_NAME)";
				SWIFT_VERSION = 5.0;
				TARGETED_DEVICE_FAMILY = "1,2";
			};
			name = Debug;
		};
		043DDB3F2414543700169EBD /* Release */ = {
			isa = XCBuildConfiguration;
			buildSettings = {
				ASSETCATALOG_COMPILER_APPICON_NAME = AppIcon;
				CODE_SIGN_STYLE = Automatic;
				DEVELOPMENT_TEAM = A6KE5XTLM6;
				INFOPLIST_FILE = NOCODE/Info.plist;
				LD_RUNPATH_SEARCH_PATHS = (
					"$(inherited)",
					"@executable_path/Frameworks",
				);
				PRODUCT_BUNDLE_IDENTIFIER = com.sp.NOCODE;
				PRODUCT_NAME = "$(TARGET_NAME)";
				SWIFT_VERSION = 5.0;
				TARGETED_DEVICE_FAMILY = "1,2";
			};
			name = Release;
		};
/* End XCBuildConfiguration section */

/* Begin XCConfigurationList section */
		043DDB242414543300169EBD /* Build configuration list for PBXProject "NOCODE" */ = {
			isa = XCConfigurationList;
			buildConfigurations = (
				043DDB3B2414543700169EBD /* Debug */,
				043DDB3C2414543700169EBD /* Release */,
			);
			defaultConfigurationIsVisible = 0;
			defaultConfigurationName = Release;
		};
		043DDB3D2414543700169EBD /* Build configuration list for PBXNativeTarget "NOCODE" */ = {
			isa = XCConfigurationList;
			buildConfigurations = (
				043DDB3E2414543700169EBD /* Debug */,
				043DDB3F2414543700169EBD /* Release */,
			);
			defaultConfigurationIsVisible = 0;
			defaultConfigurationName = Release;
		};
/* End XCConfigurationList section */
	};
	rootObject = 043DDB212414543300169EBD /* Project object */;
}
