PODS:
  - Alamofire (5.2.2)
  - SCLAlertView (0.8)
  - SwiftyJSON (5.0.0)

DEPENDENCIES:
  - Alamofire
  - SCLAlertView
  - SwiftyJSON

SPEC REPOS:
  trunk:
    - Alamofire
    - SCLAlertView
    - SwiftyJSON

SPEC CHECKSUMS:
  Alamofire: 814429acc853c6c54ff123fc3d2ef66803823ce0
  SCLAlertView: 6a77bb2edfc65e04dbe57725546cb4107a506b85
  SwiftyJSON: 36413e04c44ee145039d332b4f4e2d3e8d6c4db7

PODFILE CHECKSUM: 8cc2a29c3dd211b679c43ad1015a76ee4954981b

COCOAPODS: 1.9.1
